
Microsoft Visual Studio Solution File, Format Version 12.00
# Visual Studio Version 17
VisualStudioVersion = 17.9.34728.123
MinimumVisualStudioVersion = 10.0.40219.1
Project("{FAE04EC0-301F-11D3-BF4B-00C04F79EFBC}") = "pruebaEjer1", "pruebaEjer1.csproj", "{DFB97A16-CADD-4CFB-A2EA-10112FD4A37F}"
EndProject
Global
	GlobalSection(SolutionConfigurationPlatforms) = preSolution
		Debug|Any CPU = Debug|Any CPU
		Release|Any CPU = Release|Any CPU
	EndGlobalSection
	GlobalSection(ProjectConfigurationPlatforms) = postSolution
		{DFB97A16-CADD-4CFB-A2EA-10112FD4A37F}.Debug|Any CPU.ActiveCfg = Debug|Any CPU
		{DFB97A16-CADD-4CFB-A2EA-10112FD4A37F}.Debug|Any CPU.Build.0 = Debug|Any CPU
		{DFB97A16-CADD-4CFB-A2EA-10112FD4A37F}.Release|Any CPU.ActiveCfg = Release|Any CPU
		{DFB97A16-CADD-4CFB-A2EA-10112FD4A37F}.Release|Any CPU.Build.0 = Release|Any CPU
	EndGlobalSection
	GlobalSection(SolutionProperties) = preSolution
		HideSolutionNode = FALSE
	EndGlobalSection
	GlobalSection(ExtensibilityGlobals) = postSolution
		SolutionGuid = {C78A939F-FA77-46FE-8780-C426307423B4}
	EndGlobalSection
EndGlobal
